
Microsoft Visual Studio Solution File, Format Version 12.00
# Visual Studio Version 16
VisualStudioVersion = 16.0.29411.108
MinimumVisualStudioVersion = 10.0.40219.1
Project("{FAE04EC0-301F-11D3-BF4B-00C04F79EFBC}") = "Escape Room", "Escape Room\Escape Room.csproj", "{CE7E4390-F533-4FFD-AB77-57393DFFC3D1}"
EndProject
Global
	GlobalSection(SolutionConfigurationPlatforms) = preSolution
		Debug|Any CPU = Debug|Any CPU
		Release|Any CPU = Release|Any CPU
	EndGlobalSection
	GlobalSection(ProjectConfigurationPlatforms) = postSolution
		{CE7E4390-F533-4FFD-AB77-57393DFFC3D1}.Debug|Any CPU.ActiveCfg = Debug|Any CPU
		{CE7E4390-F533-4FFD-AB77-57393DFFC3D1}.Debug|Any CPU.Build.0 = Debug|Any CPU
		{CE7E4390-F533-4FFD-AB77-57393DFFC3D1}.Release|Any CPU.ActiveCfg = Release|Any CPU
		{CE7E4390-F533-4FFD-AB77-57393DFFC3D1}.Release|Any CPU.Build.0 = Release|Any CPU
	EndGlobalSection
	GlobalSection(SolutionProperties) = preSolution
		HideSolutionNode = FALSE
	EndGlobalSection
	GlobalSection(ExtensibilityGlobals) = postSolution
		SolutionGuid = {4FE4EA21-4B4B-43B7-8D07-766748F59E5E}
	EndGlobalSection
EndGlobal
